
Microsoft Visual Studio Solution File, Format Version 12.00
# Visual Studio Version 17
VisualStudioVersion = 17.9.34607.119
MinimumVisualStudioVersion = 10.0.40219.1
Project("{9A19103F-16F7-4668-BE54-9A1E7A4F7556}") = "Projeto Final - Países", "Projeto Final - Países\Projeto Final - Países.csproj", "{318FC424-181E-4F40-8FF6-7DCB42FD3560}"
EndProject
Project("{9A19103F-16F7-4668-BE54-9A1E7A4F7556}") = "Librabry", "Librabry\Librabry.csproj", "{6C0CF10E-7BB4-41AB-8ACC-216A9DC662F3}"
EndProject
Global
	GlobalSection(SolutionConfigurationPlatforms) = preSolution
		Debug|Any CPU = Debug|Any CPU
		Release|Any CPU = Release|Any CPU
	EndGlobalSection
	GlobalSection(ProjectConfigurationPlatforms) = postSolution
		{318FC424-181E-4F40-8FF6-7DCB42FD3560}.Debug|Any CPU.ActiveCfg = Debug|Any CPU
		{318FC424-181E-4F40-8FF6-7DCB42FD3560}.Debug|Any CPU.Build.0 = Debug|Any CPU
		{318FC424-181E-4F40-8FF6-7DCB42FD3560}.Release|Any CPU.ActiveCfg = Release|Any CPU
		{318FC424-181E-4F40-8FF6-7DCB42FD3560}.Release|Any CPU.Build.0 = Release|Any CPU
		{6C0CF10E-7BB4-41AB-8ACC-216A9DC662F3}.Debug|Any CPU.ActiveCfg = Debug|Any CPU
		{6C0CF10E-7BB4-41AB-8ACC-216A9DC662F3}.Debug|Any CPU.Build.0 = Debug|Any CPU
		{6C0CF10E-7BB4-41AB-8ACC-216A9DC662F3}.Release|Any CPU.ActiveCfg = Release|Any CPU
		{6C0CF10E-7BB4-41AB-8ACC-216A9DC662F3}.Release|Any CPU.Build.0 = Release|Any CPU
	EndGlobalSection
	GlobalSection(SolutionProperties) = preSolution
		HideSolutionNode = FALSE
	EndGlobalSection
	GlobalSection(ExtensibilityGlobals) = postSolution
		SolutionGuid = {F8EF3A21-9C61-44DB-A93A-216768A13679}
	EndGlobalSection
EndGlobal
